
Microsoft Visual Studio Solution File, Format Version 12.00
# Visual Studio Version 16
VisualStudioVersion = 16.0.31605.320
MinimumVisualStudioVersion = 10.0.40219.1
Project("{FAE04EC0-301F-11D3-BF4B-00C04F79EFBC}") = "BackRM", "BackRM\BackRM.csproj", "{98692775-5081-4CE9-BFF9-F7DB03D6B4A2}"
EndProject
Global
	GlobalSection(SolutionConfigurationPlatforms) = preSolution
		Debug|Any CPU = Debug|Any CPU
		Release|Any CPU = Release|Any CPU
	EndGlobalSection
	GlobalSection(ProjectConfigurationPlatforms) = postSolution
		{98692775-5081-4CE9-BFF9-F7DB03D6B4A2}.Debug|Any CPU.ActiveCfg = Debug|Any CPU
		{98692775-5081-4CE9-BFF9-F7DB03D6B4A2}.Debug|Any CPU.Build.0 = Debug|Any CPU
		{98692775-5081-4CE9-BFF9-F7DB03D6B4A2}.Release|Any CPU.ActiveCfg = Release|Any CPU
		{98692775-5081-4CE9-BFF9-F7DB03D6B4A2}.Release|Any CPU.Build.0 = Release|Any CPU
	EndGlobalSection
	GlobalSection(SolutionProperties) = preSolution
		HideSolutionNode = FALSE
	EndGlobalSection
	GlobalSection(ExtensibilityGlobals) = postSolution
		SolutionGuid = {5F755506-B3AA-4A8A-A665-879D37AB1047}
	EndGlobalSection
EndGlobal
